
Microsoft Visual Studio Solution File, Format Version 12.00
# Visual Studio Version 17
VisualStudioVersion = 17.3.32929.385
MinimumVisualStudioVersion = 10.0.40219.1
Project("{FAE04EC0-301F-11D3-BF4B-00C04F79EFBC}") = "h6EFW", "h6EFW\h6EFW.csproj", "{D02FE492-DC00-43CB-91AB-2769F6D82EEA}"
EndProject
Global
	GlobalSection(SolutionConfigurationPlatforms) = preSolution
		Debug|Any CPU = Debug|Any CPU
		Release|Any CPU = Release|Any CPU
	EndGlobalSection
	GlobalSection(ProjectConfigurationPlatforms) = postSolution
		{D02FE492-DC00-43CB-91AB-2769F6D82EEA}.Debug|Any CPU.ActiveCfg = Debug|Any CPU
		{D02FE492-DC00-43CB-91AB-2769F6D82EEA}.Debug|Any CPU.Build.0 = Debug|Any CPU
		{D02FE492-DC00-43CB-91AB-2769F6D82EEA}.Release|Any CPU.ActiveCfg = Release|Any CPU
		{D02FE492-DC00-43CB-91AB-2769F6D82EEA}.Release|Any CPU.Build.0 = Release|Any CPU
	EndGlobalSection
	GlobalSection(SolutionProperties) = preSolution
		HideSolutionNode = FALSE
	EndGlobalSection
	GlobalSection(ExtensibilityGlobals) = postSolution
		SolutionGuid = {DB197C53-23E9-4898-AE83-074D1FF1BA98}
	EndGlobalSection
EndGlobal
